
Microsoft Visual Studio Solution File, Format Version 12.00
# Visual Studio 15
VisualStudioVersion = 15.0.26430.15
MinimumVisualStudioVersion = 10.0.40219.1
Project("{FAE04EC0-301F-11D3-BF4B-00C04F79EFBC}") = "WindowsFormsHelloWorld", "WindowsFormsHelloWorld\WindowsFormsHelloWorld.csproj", "{314D199F-B64F-406C-8977-30AA0E105FCC}"
EndProject
Project("{FAE04EC0-301F-11D3-BF4B-00C04F79EFBC}") = "TextChanging", "TextChanging\TextChanging.csproj", "{5F2D2F43-FB39-4126-82DA-A8B15BC430E7}"
EndProject
Project("{FAE04EC0-301F-11D3-BF4B-00C04F79EFBC}") = "MouseOverEvent", "MouseOverEvent\MouseOverEvent.csproj", "{2CD8D23C-01C2-4F09-BCBD-6926DA24E5A2}"
EndProject
Global
	GlobalSection(SolutionConfigurationPlatforms) = preSolution
		Debug|Any CPU = Debug|Any CPU
		Release|Any CPU = Release|Any CPU
	EndGlobalSection
	GlobalSection(ProjectConfigurationPlatforms) = postSolution
		{314D199F-B64F-406C-8977-30AA0E105FCC}.Debug|Any CPU.ActiveCfg = Debug|Any CPU
		{314D199F-B64F-406C-8977-30AA0E105FCC}.Debug|Any CPU.Build.0 = Debug|Any CPU
		{314D199F-B64F-406C-8977-30AA0E105FCC}.Release|Any CPU.ActiveCfg = Release|Any CPU
		{314D199F-B64F-406C-8977-30AA0E105FCC}.Release|Any CPU.Build.0 = Release|Any CPU
		{5F2D2F43-FB39-4126-82DA-A8B15BC430E7}.Debug|Any CPU.ActiveCfg = Debug|Any CPU
		{5F2D2F43-FB39-4126-82DA-A8B15BC430E7}.Debug|Any CPU.Build.0 = Debug|Any CPU
		{5F2D2F43-FB39-4126-82DA-A8B15BC430E7}.Release|Any CPU.ActiveCfg = Release|Any CPU
		{5F2D2F43-FB39-4126-82DA-A8B15BC430E7}.Release|Any CPU.Build.0 = Release|Any CPU
		{2CD8D23C-01C2-4F09-BCBD-6926DA24E5A2}.Debug|Any CPU.ActiveCfg = Debug|Any CPU
		{2CD8D23C-01C2-4F09-BCBD-6926DA24E5A2}.Debug|Any CPU.Build.0 = Debug|Any CPU
		{2CD8D23C-01C2-4F09-BCBD-6926DA24E5A2}.Release|Any CPU.ActiveCfg = Release|Any CPU
		{2CD8D23C-01C2-4F09-BCBD-6926DA24E5A2}.Release|Any CPU.Build.0 = Release|Any CPU
	EndGlobalSection
	GlobalSection(SolutionProperties) = preSolution
		HideSolutionNode = FALSE
	EndGlobalSection
EndGlobal
